// !$*UTF8*$!
{
	archiveVersion = 1;
	classes = {
	};
	objectVersion = 55;
	objects = {

/* Begin PBXBuildFile section */
		98A2000528C3844500130840 /* I_Am_Rich_SwiftUITests.swift in Sources */ = {isa = PBXBuildFile; fileRef = 98A2000428C3844500130840 /* I_Am_Rich_SwiftUITests.swift */; };
		98A2000F28C3844600130840 /* I_Am_Rich_SwiftUIUITests.swift in Sources */ = {isa = PBXBuildFile; fileRef = 98A2000E28C3844600130840 /* I_Am_Rich_SwiftUIUITests.swift */; };
		98A2001128C3844600130840 /* I_Am_Rich_SwiftUIUITestsLaunchTests.swift in Sources */ = {isa = PBXBuildFile; fileRef = 98A2001028C3844600130840 /* I_Am_Rich_SwiftUIUITestsLaunchTests.swift */; };
		98A2FFF428C3844300130840 /* I_Am_Rich_SwiftUIApp.swift in Sources */ = {isa = PBXBuildFile; fileRef = 98A2FFF328C3844300130840 /* I_Am_Rich_SwiftUIApp.swift */; };
		98A2FFF628C3844300130840 /* ContentView.swift in Sources */ = {isa = PBXBuildFile; fileRef = 98A2FFF528C3844300130840 /* ContentView.swift */; };
		98A2FFF828C3844500130840 /* Assets.xcassets in Resources */ = {isa = PBXBuildFile; fileRef = 98A2FFF728C3844500130840 /* Assets.xcassets */; };
		98A2FFFB28C3844500130840 /* Preview Assets.xcassets in Resources */ = {isa = PBXBuildFile; fileRef = 98A2FFFA28C3844500130840 /* Preview Assets.xcassets */; };
/* End PBXBuildFile section */

/* Begin PBXContainerItemProxy section */
		98A2000128C3844500130840 /* PBXContainerItemProxy */ = {
			isa = PBXContainerItemProxy;
			containerPortal = 98A2FFE828C3844300130840 /* Project object */;
			proxyType = 1;
			remoteGlobalIDString = 98A2FFEF28C3844300130840;
			remoteInfo = "I Am Rich SwiftUI";
		};
		98A2000B28C3844600130840 /* PBXContainerItemProxy */ = {
			isa = PBXContainerItemProxy;
			containerPortal = 98A2FFE828C3844300130840 /* Project object */;
			proxyType = 1;
			remoteGlobalIDString = 98A2FFEF28C3844300130840;
			remoteInfo = "I Am Rich SwiftUI";
		};
/* End PBXContainerItemProxy section */

/* Begin PBXFileReference section */
		98A2000028C3844500130840 /* I Am Rich SwiftUITests.xctest */ = {isa = PBXFileReference; explicitFileType = wrapper.cfbundle; includeInIndex = 0; path = "I Am Rich SwiftUITests.xctest"; sourceTree = BUILT_PRODUCTS_DIR; };
		98A2000428C3844500130840 /* I_Am_Rich_SwiftUITests.swift */ = {isa = PBXFileReference; lastKnownFileType = sourcecode.swift; path = I_Am_Rich_SwiftUITests.swift; sourceTree = "<group>"; };
		98A2000A28C3844600130840 /* I Am Rich SwiftUIUITests.xctest */ = {isa = PBXFileReference; explicitFileType = wrapper.cfbundle; includeInIndex = 0; path = "I Am Rich SwiftUIUITests.xctest"; sourceTree = BUILT_PRODUCTS_DIR; };
		98A2000E28C3844600130840 /* I_Am_Rich_SwiftUIUITests.swift */ = {isa = PBXFileReference; lastKnownFileType = sourcecode.swift; path = I_Am_Rich_SwiftUIUITests.swift; sourceTree = "<group>"; };
		98A2001028C3844600130840 /* I_Am_Rich_SwiftUIUITestsLaunchTests.swift */ = {isa = PBXFileReference; lastKnownFileType = sourcecode.swift; path = I_Am_Rich_SwiftUIUITestsLaunchTests.swift; sourceTree = "<group>"; };
		98A2FFF028C3844300130840 /* I Am Rich SwiftUI.app */ = {isa = PBXFileReference; explicitFileType = wrapper.application; includeInIndex = 0; path = "I Am Rich SwiftUI.app"; sourceTree = BUILT_PRODUCTS_DIR; };
		98A2FFF328C3844300130840 /* I_Am_Rich_SwiftUIApp.swift */ = {isa = PBXFileReference; lastKnownFileType = sourcecode.swift; path = I_Am_Rich_SwiftUIApp.swift; sourceTree = "<group>"; };
		98A2FFF528C3844300130840 /* ContentView.swift */ = {isa = PBXFileReference; lastKnownFileType = sourcecode.swift; path = ContentView.swift; sourceTree = "<group>"; };
		98A2FFF728C3844500130840 /* Assets.xcassets */ = {isa = PBXFileReference; lastKnownFileType = folder.assetcatalog; path = Assets.xcassets; sourceTree = "<group>"; };
		98A2FFFA28C3844500130840 /* Preview Assets.xcassets */ = {isa = PBXFileReference; lastKnownFileType = folder.assetcatalog; path = "Preview Assets.xcassets"; sourceTree = "<group>"; };
/* End PBXFileReference section */

/* Begin PBXFrameworksBuildPhase section */
		98A2000728C3844600130840 /* Frameworks */ = {
			isa = PBXFrameworksBuildPhase;
			buildActionMask = 2147483647;
			files = (
			);
			runOnlyForDeploymentPostprocessing = 0;
		};
		98A2FFED28C3844300130840 /* Frameworks */ = {
			isa = PBXFrameworksBuildPhase;
			buildActionMask = 2147483647;
			files = (
			);
			runOnlyForDeploymentPostprocessing = 0;
		};
		98A2FFFD28C3844500130840 /* Frameworks */ = {
			isa = PBXFrameworksBuildPhase;
			buildActionMask = 2147483647;
			files = (
			);
			runOnlyForDeploymentPostprocessing = 0;
		};
/* End PBXFrameworksBuildPhase section */

/* Begin PBXGroup section */
		98A2000328C3844500130840 /* I Am Rich SwiftUITests */ = {
			isa = PBXGroup;
			children = (
				98A2000428C3844500130840 /* I_Am_Rich_SwiftUITests.swift */,
			);
			path = "I Am Rich SwiftUITests";
			sourceTree = "<group>";
		};
		98A2000D28C3844600130840 /* I Am Rich SwiftUIUITests */ = {
			isa = PBXGroup;
			children = (
				98A2000E28C3844600130840 /* I_Am_Rich_SwiftUIUITests.swift */,
				98A2001028C3844600130840 /* I_Am_Rich_SwiftUIUITestsLaunchTests.swift */,
			);
			path = "I Am Rich SwiftUIUITests";
			sourceTree = "<group>";
		};
		98A2FFE728C3844300130840 = {
			isa = PBXGroup;
			children = (
				98A2FFF228C3844300130840 /* I Am Rich SwiftUI */,
				98A2000328C3844500130840 /* I Am Rich SwiftUITests */,
				98A2000D28C3844600130840 /* I Am Rich SwiftUIUITests */,
				98A2FFF128C3844300130840 /* Products */,
			);
			sourceTree = "<group>";
		};
		98A2FFF128C3844300130840 /* Products */ = {
			isa = PBXGroup;
			children = (
				98A2FFF028C3844300130840 /* I Am Rich SwiftUI.app */,
				98A2000028C3844500130840 /* I Am Rich SwiftUITests.xctest */,
				98A2000A28C3844600130840 /* I Am Rich SwiftUIUITests.xctest */,
			);
			name = Products;
			sourceTree = "<group>";
		};
		98A2FFF228C3844300130840 /* I Am Rich SwiftUI */ = {
			isa = PBXGroup;
			children = (
				98A2FFF328C3844300130840 /* I_Am_Rich_SwiftUIApp.swift */,
				98A2FFF528C3844300130840 /* ContentView.swift */,
				98A2FFF728C3844500130840 /* Assets.xcassets */,
				98A2FFF928C3844500130840 /* Preview Content */,
			);
			path = "I Am Rich SwiftUI";
			sourceTree = "<group>";
		};
		98A2FFF928C3844500130840 /* Preview Content */ = {
			isa = PBXGroup;
			children = (
				98A2FFFA28C3844500130840 /* Preview Assets.xcassets */,
			);
			path = "Preview Content";
			sourceTree = "<group>";
		};
/* End PBXGroup section */

/* Begin PBXNativeTarget section */
		98A2000928C3844600130840 /* I Am Rich SwiftUIUITests */ = {
			isa = PBXNativeTarget;
			buildConfigurationList = 98A2001A28C3844600130840 /* Build configuration list for PBXNativeTarget "I Am Rich SwiftUIUITests" */;
			buildPhases = (
				98A2000628C3844600130840 /* Sources */,
				98A2000728C3844600130840 /* Frameworks */,
				98A2000828C3844600130840 /* Resources */,
			);
			buildRules = (
			);
			dependencies = (
				98A2000C28C3844600130840 /* PBXTargetDependency */,
			);
			name = "I Am Rich SwiftUIUITests";
			productName = "I Am Rich SwiftUIUITests";
			productReference = 98A2000A28C3844600130840 /* I Am Rich SwiftUIUITests.xctest */;
			productType = "com.apple.product-type.bundle.ui-testing";
		};
		98A2FFEF28C3844300130840 /* I Am Rich SwiftUI */ = {
			isa = PBXNativeTarget;
			buildConfigurationList = 98A2001428C3844600130840 /* Build configuration list for PBXNativeTarget "I Am Rich SwiftUI" */;
			buildPhases = (
				98A2FFEC28C3844300130840 /* Sources */,
				98A2FFED28C3844300130840 /* Frameworks */,
				98A2FFEE28C3844300130840 /* Resources */,
			);
			buildRules = (
			);
			dependencies = (
			);
			name = "I Am Rich SwiftUI";
			productName = "I Am Rich SwiftUI";
			productReference = 98A2FFF028C3844300130840 /* I Am Rich SwiftUI.app */;
			productType = "com.apple.product-type.application";
		};
		98A2FFFF28C3844500130840 /* I Am Rich SwiftUITests */ = {
			isa = PBXNativeTarget;
			buildConfigurationList = 98A2001728C3844600130840 /* Build configuration list for PBXNativeTarget "I Am Rich SwiftUITests" */;
			buildPhases = (
				98A2FFFC28C3844500130840 /* Sources */,
				98A2FFFD28C3844500130840 /* Frameworks */,
				98A2FFFE28C3844500130840 /* Resources */,
			);
			buildRules = (
			);
			dependencies = (
				98A2000228C3844500130840 /* PBXTargetDependency */,
			);
			name = "I Am Rich SwiftUITests";
			productName = "I Am Rich SwiftUITests";
			productReference = 98A2000028C3844500130840 /* I Am Rich SwiftUITests.xctest */;
			productType = "com.apple.product-type.bundle.unit-test";
		};
/* End PBXNativeTarget section */

/* Begin PBXProject section */
		98A2FFE828C3844300130840 /* Project object */ = {
			isa = PBXProject;
			attributes = {
				BuildIndependentTargetsInParallel = 1;
				LastSwiftUpdateCheck = 1340;
				LastUpgradeCheck = 1340;
				TargetAttributes = {
					98A2000928C3844600130840 = {
						CreatedOnToolsVersion = 13.4.1;
						TestTargetID = 98A2FFEF28C3844300130840;
					};
					98A2FFEF28C3844300130840 = {
						CreatedOnToolsVersion = 13.4.1;
					};
					98A2FFFF28C3844500130840 = {
						CreatedOnToolsVersion = 13.4.1;
						TestTargetID = 98A2FFEF28C3844300130840;
					};
				};
			};
			buildConfigurationList = 98A2FFEB28C3844300130840 /* Build configuration list for PBXProject "I Am Rich SwiftUI" */;
			compatibilityVersion = "Xcode 13.0";
			developmentRegion = en;
			hasScannedForEncodings = 0;
			knownRegions = (
				en,
				Base,
			);
			mainGroup = 98A2FFE728C3844300130840;
			productRefGroup = 98A2FFF128C3844300130840 /* Products */;
			projectDirPath = "";
			projectRoot = "";
			targets = (
				98A2FFEF28C3844300130840 /* I Am Rich SwiftUI */,
				98A2FFFF28C3844500130840 /* I Am Rich SwiftUITests */,
				98A2000928C3844600130840 /* I Am Rich SwiftUIUITests */,
			);
		};
/* End PBXProject section */

/* Begin PBXResourcesBuildPhase section */
		98A2000828C3844600130840 /* Resources */ = {
			isa = PBXResourcesBuildPhase;
			buildActionMask = 2147483647;
			files = (
			);
			runOnlyForDeploymentPostprocessing = 0;
		};
		98A2FFEE28C3844300130840 /* Resources */ = {
			isa = PBXResourcesBuildPhase;
			buildActionMask = 2147483647;
			files = (
				98A2FFFB28C3844500130840 /* Preview Assets.xcassets in Resources */,
				98A2FFF828C3844500130840 /* Assets.xcassets in Resources */,
			);
			runOnlyForDeploymentPostprocessing = 0;
		};
		98A2FFFE28C3844500130840 /* Resources */ = {
			isa = PBXResourcesBuildPhase;
			buildActionMask = 2147483647;
			files = (
			);
			runOnlyForDeploymentPostprocessing = 0;
		};
/* End PBXResourcesBuildPhase section */

/* Begin PBXSourcesBuildPhase section */
		98A2000628C3844600130840 /* Sources */ = {
			isa = PBXSourcesBuildPhase;
			buildActionMask = 2147483647;
			files = (
				98A2001128C3844600130840 /* I_Am_Rich_SwiftUIUITestsLaunchTests.swift in Sources */,
				98A2000F28C3844600130840 /* I_Am_Rich_SwiftUIUITests.swift in Sources */,
			);
			runOnlyForDeploymentPostprocessing = 0;
		};
		98A2FFEC28C3844300130840 /* Sources */ = {
			isa = PBXSourcesBuildPhase;
			buildActionMask = 2147483647;
			files = (
				98A2FFF628C3844300130840 /* ContentView.swift in Sources */,
				98A2FFF428C3844300130840 /* I_Am_Rich_SwiftUIApp.swift in Sources */,
			);
			runOnlyForDeploymentPostprocessing = 0;
		};
		98A2FFFC28C3844500130840 /* Sources */ = {
			isa = PBXSourcesBuildPhase;
			buildActionMask = 2147483647;
			files = (
				98A2000528C3844500130840 /* I_Am_Rich_SwiftUITests.swift in Sources */,
			);
			runOnlyForDeploymentPostprocessing = 0;
		};
/* End PBXSourcesBuildPhase section */

/* Begin PBXTargetDependency section */
		98A2000228C3844500130840 /* PBXTargetDependency */ = {
			isa = PBXTargetDependency;
			target = 98A2FFEF28C3844300130840 /* I Am Rich SwiftUI */;
			targetProxy = 98A2000128C3844500130840 /* PBXContainerItemProxy */;
		};
		98A2000C28C3844600130840 /* PBXTargetDependency */ = {
			isa = PBXTargetDependency;
			target = 98A2FFEF28C3844300130840 /* I Am Rich SwiftUI */;
			targetProxy = 98A2000B28C3844600130840 /* PBXContainerItemProxy */;
		};
/* End PBXTargetDependency section */

/* Begin XCBuildConfiguration section */
		98A2001228C3844600130840 /* Debug */ = {
			isa = XCBuildConfiguration;
			buildSettings = {
				ALWAYS_SEARCH_USER_PATHS = NO;
				CLANG_ANALYZER_NONNULL = YES;
				CLANG_ANALYZER_NUMBER_OBJECT_CONVERSION = YES_AGGRESSIVE;
				CLANG_CXX_LANGUAGE_STANDARD = "gnu++17";
				CLANG_ENABLE_MODULES = YES;
				CLANG_ENABLE_OBJC_ARC = YES;
				CLANG_ENABLE_OBJC_WEAK = YES;
				CLANG_WARN_BLOCK_CAPTURE_AUTORELEASING = YES;
				CLANG_WARN_BOOL_CONVERSION = YES;
				CLANG_WARN_COMMA = YES;
				CLANG_WARN_CONSTANT_CONVERSION = YES;
				CLANG_WARN_DEPRECATED_OBJC_IMPLEMENTATIONS = YES;
				CLANG_WARN_DIRECT_OBJC_ISA_USAGE = YES_ERROR;
				CLANG_WARN_DOCUMENTATION_COMMENTS = YES;
				CLANG_WARN_EMPTY_BODY = YES;
				CLANG_WARN_ENUM_CONVERSION = YES;
				CLANG_WARN_INFINITE_RECURSION = YES;
				CLANG_WARN_INT_CONVERSION = YES;
				CLANG_WARN_NON_LITERAL_NULL_CONVERSION = YES;
				CLANG_WARN_OBJC_IMPLICIT_RETAIN_SELF = YES;
				CLANG_WARN_OBJC_LITERAL_CONVERSION = YES;
				CLANG_WARN_OBJC_ROOT_CLASS = YES_ERROR;
				CLANG_WARN_QUOTED_INCLUDE_IN_FRAMEWORK_HEADER = YES;
				CLANG_WARN_RANGE_LOOP_ANALYSIS = YES;
				CLANG_WARN_STRICT_PROTOTYPES = YES;
				CLANG_WARN_SUSPICIOUS_MOVE = YES;
				CLANG_WARN_UNGUARDED_AVAILABILITY = YES_AGGRESSIVE;
				CLANG_WARN_UNREACHABLE_CODE = YES;
				CLANG_WARN__DUPLICATE_METHOD_MATCH = YES;
				COPY_PHASE_STRIP = NO;
				DEBUG_INFORMATION_FORMAT = dwarf;
				ENABLE_STRICT_OBJC_MSGSEND = YES;
				ENABLE_TESTABILITY = YES;
				GCC_C_LANGUAGE_STANDARD = gnu11;
				GCC_DYNAMIC_NO_PIC = NO;
				GCC_NO_COMMON_BLOCKS = YES;
				GCC_OPTIMIZATION_LEVEL = 0;
				GCC_PREPROCESSOR_DEFINITIONS = (
					"DEBUG=1",
					"$(inherited)",
				);
				GCC_WARN_64_TO_32_BIT_CONVERSION = YES;
				GCC_WARN_ABOUT_RETURN_TYPE = YES_ERROR;
				GCC_WARN_UNDECLARED_SELECTOR = YES;
				GCC_WARN_UNINITIALIZED_AUTOS = YES_AGGRESSIVE;
				GCC_WARN_UNUSED_FUNCTION = YES;
				GCC_WARN_UNUSED_VARIABLE = YES;
				IPHONEOS_DEPLOYMENT_TARGET = 15.5;
				MTL_ENABLE_DEBUG_INFO = INCLUDE_SOURCE;
				MTL_FAST_MATH = YES;
				ONLY_ACTIVE_ARCH = YES;
				SDKROOT = iphoneos;
				SWIFT_ACTIVE_COMPILATION_CONDITIONS = DEBUG;
				SWIFT_OPTIMIZATION_LEVEL = "-Onone";
			};
			name = Debug;
		};
		98A2001328C3844600130840 /* Release */ = {
			isa = XCBuildConfiguration;
			buildSettings = {
				ALWAYS_SEARCH_USER_PATHS = NO;
				CLANG_ANALYZER_NONNULL = YES;
				CLANG_ANALYZER_NUMBER_OBJECT_CONVERSION = YES_AGGRESSIVE;
				CLANG_CXX_LANGUAGE_STANDARD = "gnu++17";
				CLANG_ENABLE_MODULES = YES;
				CLANG_ENABLE_OBJC_ARC = YES;
				CLANG_ENABLE_OBJC_WEAK = YES;
				CLANG_WARN_BLOCK_CAPTURE_AUTORELEASING = YES;
				CLANG_WARN_BOOL_CONVERSION = YES;
				CLANG_WARN_COMMA = YES;
				CLANG_WARN_CONSTANT_CONVERSION = YES;
				CLANG_WARN_DEPRECATED_OBJC_IMPLEMENTATIONS = YES;
				CLANG_WARN_DIRECT_OBJC_ISA_USAGE = YES_ERROR;
				CLANG_WARN_DOCUMENTATION_COMMENTS = YES;
				CLANG_WARN_EMPTY_BODY = YES;
				CLANG_WARN_ENUM_CONVERSION = YES;
				CLANG_WARN_INFINITE_RECURSION = YES;
				CLANG_WARN_INT_CONVERSION = YES;
				CLANG_WARN_NON_LITERAL_NULL_CONVERSION = YES;
				CLANG_WARN_OBJC_IMPLICIT_RETAIN_SELF = YES;
				CLANG_WARN_OBJC_LITERAL_CONVERSION = YES;
				CLANG_WARN_OBJC_ROOT_CLASS = YES_ERROR;
				CLANG_WARN_QUOTED_INCLUDE_IN_FRAMEWORK_HEADER = YES;
				CLANG_WARN_RANGE_LOOP_ANALYSIS = YES;
				CLANG_WARN_STRICT_PROTOTYPES = YES;
				CLANG_WARN_SUSPICIOUS_MOVE = YES;
				CLANG_WARN_UNGUARDED_AVAILABILITY = YES_AGGRESSIVE;
				CLANG_WARN_UNREACHABLE_CODE = YES;
				CLANG_WARN__DUPLICATE_METHOD_MATCH = YES;
				COPY_PHASE_STRIP = NO;
				DEBUG_INFORMATION_FORMAT = "dwarf-with-dsym";
				ENABLE_NS_ASSERTIONS = NO;
				ENABLE_STRICT_OBJC_MSGSEND = YES;
				GCC_C_LANGUAGE_STANDARD = gnu11;
				GCC_NO_COMMON_BLOCKS = YES;
				GCC_WARN_64_TO_32_BIT_CONVERSION = YES;
				GCC_WARN_ABOUT_RETURN_TYPE = YES_ERROR;
				GCC_WARN_UNDECLARED_SELECTOR = YES;
				GCC_WARN_UNINITIALIZED_AUTOS = YES_AGGRESSIVE;
				GCC_WARN_UNUSED_FUNCTION = YES;
				GCC_WARN_UNUSED_VARIABLE = YES;
				IPHONEOS_DEPLOYMENT_TARGET = 15.5;
				MTL_ENABLE_DEBUG_INFO = NO;
				MTL_FAST_MATH = YES;
				SDKROOT = iphoneos;
				SWIFT_COMPILATION_MODE = wholemodule;
				SWIFT_OPTIMIZATION_LEVEL = "-O";
				VALIDATE_PRODUCT = YES;
			};
			name = Release;
		};
		98A2001528C3844600130840 /* Debug */ = {
			isa = XCBuildConfiguration;
			buildSettings = {
				ASSETCATALOG_COMPILER_APPICON_NAME = AppIcon;
				ASSETCATALOG_COMPILER_GLOBAL_ACCENT_COLOR_NAME = AccentColor;
				CODE_SIGN_STYLE = Automatic;
				CURRENT_PROJECT_VERSION = 1;
				DEVELOPMENT_ASSET_PATHS = "\"I Am Rich SwiftUI/Preview Content\"";
				ENABLE_PREVIEWS = YES;
				GENERATE_INFOPLIST_FILE = YES;
				INFOPLIST_KEY_UIApplicationSceneManifest_Generation = YES;
				INFOPLIST_KEY_UIApplicationSupportsIndirectInputEvents = YES;
				INFOPLIST_KEY_UILaunchScreen_Generation = YES;
				INFOPLIST_KEY_UISupportedInterfaceOrientations_iPad = "UIInterfaceOrientationPortrait UIInterfaceOrientationPortraitUpsideDown UIInterfaceOrientationLandscapeLeft UIInterfaceOrientationLandscapeRight";
				INFOPLIST_KEY_UISupportedInterfaceOrientations_iPhone = "UIInterfaceOrientationPortrait UIInterfaceOrientationLandscapeLeft UIInterfaceOrientationLandscapeRight";
				LD_RUNPATH_SEARCH_PATHS = (
					"$(inherited)",
					"@executable_path/Frameworks",
				);
				MARKETING_VERSION = 1.0;
				PRODUCT_BUNDLE_IDENTIFIER = "com.oliverlauridsen.I-Am-Rich-SwiftUI";
				PRODUCT_NAME = "$(TARGET_NAME)";
				SWIFT_EMIT_LOC_STRINGS = YES;
				SWIFT_VERSION = 5.0;
				TARGETED_DEVICE_FAMILY = "1,2";
			};
			name = Debug;
		};
		98A2001628C3844600130840 /* Release */ = {
			isa = XCBuildConfiguration;
			buildSettings = {
				ASSETCATALOG_COMPILER_APPICON_NAME = AppIcon;
				ASSETCATALOG_COMPILER_GLOBAL_ACCENT_COLOR_NAME = AccentColor;
				CODE_SIGN_STYLE = Automatic;
				CURRENT_PROJECT_VERSION = 1;
				DEVELOPMENT_ASSET_PATHS = "\"I Am Rich SwiftUI/Preview Content\"";
				ENABLE_PREVIEWS = YES;
				GENERATE_INFOPLIST_FILE = YES;
				INFOPLIST_KEY_UIApplicationSceneManifest_Generation = YES;
				INFOPLIST_KEY_UIApplicationSupportsIndirectInputEvents = YES;
				INFOPLIST_KEY_UILaunchScreen_Generation = YES;
				INFOPLIST_KEY_UISupportedInterfaceOrientations_iPad = "UIInterfaceOrientationPortrait UIInterfaceOrientationPortraitUpsideDown UIInterfaceOrientationLandscapeLeft UIInterfaceOrientationLandscapeRight";
				INFOPLIST_KEY_UISupportedInterfaceOrientations_iPhone = "UIInterfaceOrientationPortrait UIInterfaceOrientationLandscapeLeft UIInterfaceOrientationLandscapeRight";
				LD_RUNPATH_SEARCH_PATHS = (
					"$(inherited)",
					"@executable_path/Frameworks",
				);
				MARKETING_VERSION = 1.0;
				PRODUCT_BUNDLE_IDENTIFIER = "com.oliverlauridsen.I-Am-Rich-SwiftUI";
				PRODUCT_NAME = "$(TARGET_NAME)";
				SWIFT_EMIT_LOC_STRINGS = YES;
				SWIFT_VERSION = 5.0;
				TARGETED_DEVICE_FAMILY = "1,2";
			};
			name = Release;
		};
		98A2001828C3844600130840 /* Debug */ = {
			isa = XCBuildConfiguration;
			buildSettings = {
				ALWAYS_EMBED_SWIFT_STANDARD_LIBRARIES = YES;
				BUNDLE_LOADER = "$(TEST_HOST)";
				CODE_SIGN_STYLE = Automatic;
				CURRENT_PROJECT_VERSION = 1;
				GENERATE_INFOPLIST_FILE = YES;
				IPHONEOS_DEPLOYMENT_TARGET = 15.5;
				MARKETING_VERSION = 1.0;
				PRODUCT_BUNDLE_IDENTIFIER = "com.oliverlauridsen.I-Am-Rich-SwiftUITests";
				PRODUCT_NAME = "$(TARGET_NAME)";
				SWIFT_EMIT_LOC_STRINGS = NO;
				SWIFT_VERSION = 5.0;
				TARGETED_DEVICE_FAMILY = "1,2";
				TEST_HOST = "$(BUILT_PRODUCTS_DIR)/I Am Rich SwiftUI.app/I Am Rich SwiftUI";
			};
			name = Debug;
		};
		98A2001928C3844600130840 /* Release */ = {
			isa = XCBuildConfiguration;
			buildSettings = {
				ALWAYS_EMBED_SWIFT_STANDARD_LIBRARIES = YES;
				BUNDLE_LOADER = "$(TEST_HOST)";
				CODE_SIGN_STYLE = Automatic;
				CURRENT_PROJECT_VERSION = 1;
				GENERATE_INFOPLIST_FILE = YES;
				IPHONEOS_DEPLOYMENT_TARGET = 15.5;
				MARKETING_VERSION = 1.0;
				PRODUCT_BUNDLE_IDENTIFIER = "com.oliverlauridsen.I-Am-Rich-SwiftUITests";
				PRODUCT_NAME = "$(TARGET_NAME)";
				SWIFT_EMIT_LOC_STRINGS = NO;
				SWIFT_VERSION = 5.0;
				TARGETED_DEVICE_FAMILY = "1,2";
				TEST_HOST = "$(BUILT_PRODUCTS_DIR)/I Am Rich SwiftUI.app/I Am Rich SwiftUI";
			};
			name = Release;
		};
		98A2001B28C3844600130840 /* Debug */ = {
			isa = XCBuildConfiguration;
			buildSettings = {
				ALWAYS_EMBED_SWIFT_STANDARD_LIBRARIES = YES;
				CODE_SIGN_STYLE = Automatic;
				CURRENT_PROJECT_VERSION = 1;
				GENERATE_INFOPLIST_FILE = YES;
				MARKETING_VERSION = 1.0;
				PRODUCT_BUNDLE_IDENTIFIER = "com.oliverlauridsen.I-Am-Rich-SwiftUIUITests";
				PRODUCT_NAME = "$(TARGET_NAME)";
				SWIFT_EMIT_LOC_STRINGS = NO;
				SWIFT_VERSION = 5.0;
				TARGETED_DEVICE_FAMILY = "1,2";
				TEST_TARGET_NAME = "I Am Rich SwiftUI";
			};
			name = Debug;
		};
		98A2001C28C3844600130840 /* Release */ = {
			isa = XCBuildConfiguration;
			buildSettings = {
				ALWAYS_EMBED_SWIFT_STANDARD_LIBRARIES = YES;
				CODE_SIGN_STYLE = Automatic;
				CURRENT_PROJECT_VERSION = 1;
				GENERATE_INFOPLIST_FILE = YES;
				MARKETING_VERSION = 1.0;
				PRODUCT_BUNDLE_IDENTIFIER = "com.oliverlauridsen.I-Am-Rich-SwiftUIUITests";
				PRODUCT_NAME = "$(TARGET_NAME)";
				SWIFT_EMIT_LOC_STRINGS = NO;
				SWIFT_VERSION = 5.0;
				TARGETED_DEVICE_FAMILY = "1,2";
				TEST_TARGET_NAME = "I Am Rich SwiftUI";
			};
			name = Release;
		};
/* End XCBuildConfiguration section */

/* Begin XCConfigurationList section */
		98A2001428C3844600130840 /* Build configuration list for PBXNativeTarget "I Am Rich SwiftUI" */ = {
			isa = XCConfigurationList;
			buildConfigurations = (
				98A2001528C3844600130840 /* Debug */,
				98A2001628C3844600130840 /* Release */,
			);
			defaultConfigurationIsVisible = 0;
			defaultConfigurationName = Release;
		};
		98A2001728C3844600130840 /* Build configuration list for PBXNativeTarget "I Am Rich SwiftUITests" */ = {
			isa = XCConfigurationList;
			buildConfigurations = (
				98A2001828C3844600130840 /* Debug */,
				98A2001928C3844600130840 /* Release */,
			);
			defaultConfigurationIsVisible = 0;
			defaultConfigurationName = Release;
		};
		98A2001A28C3844600130840 /* Build configuration list for PBXNativeTarget "I Am Rich SwiftUIUITests" */ = {
			isa = XCConfigurationList;
			buildConfigurations = (
				98A2001B28C3844600130840 /* Debug */,
				98A2001C28C3844600130840 /* Release */,
			);
			defaultConfigurationIsVisible = 0;
			defaultConfigurationName = Release;
		};
		98A2FFEB28C3844300130840 /* Build configuration list for PBXProject "I Am Rich SwiftUI" */ = {
			isa = XCConfigurationList;
			buildConfigurations = (
				98A2001228C3844600130840 /* Debug */,
				98A2001328C3844600130840 /* Release */,
			);
			defaultConfigurationIsVisible = 0;
			defaultConfigurationName = Release;
		};
/* End XCConfigurationList section */
	};
	rootObject = 98A2FFE828C3844300130840 /* Project object */;
}
